
Microsoft Visual Studio Solution File, Format Version 12.00
# Visual Studio Version 16
VisualStudioVersion = 16.0.31112.23
MinimumVisualStudioVersion = 10.0.40219.1
Project("{FAE04EC0-301F-11D3-BF4B-00C04F79EFBC}") = "DonDonLibrary", "DonDonLibrary\DonDonLibrary.csproj", "{117F2513-DC6D-4716-A171-9FA396B303ED}"
EndProject
Project("{2150E333-8FDC-42A3-9474-1A3956D46DE8}") = "Apps", "Apps", "{06ABB948-42C1-4A7D-A2DA-17461DF78C5A}"
EndProject
Project("{FAE04EC0-301F-11D3-BF4B-00C04F79EFBC}") = "LibTest", "CLI\LibTest\LibTest.csproj", "{06070EDC-39C6-4C29-809E-2EE2D7901B9F}"
EndProject
Project("{FAE04EC0-301F-11D3-BF4B-00C04F79EFBC}") = "FumenToolsCli", "CLI\FumenToolsCli\FumenToolsCli.csproj", "{EA4F95F2-46C1-4020-A422-2353E1178662}"
EndProject
Project("{FAE04EC0-301F-11D3-BF4B-00C04F79EFBC}") = "Nus3bankInjector", "CLI\Nus3bankInjector\Nus3bankInjector.csproj", "{8D7B8D9A-C4DC-494B-B48C-8B0DFD111849}"
EndProject
Global
	GlobalSection(SolutionConfigurationPlatforms) = preSolution
		Debug|Any CPU = Debug|Any CPU
		Release|Any CPU = Release|Any CPU
	EndGlobalSection
	GlobalSection(ProjectConfigurationPlatforms) = postSolution
		{117F2513-DC6D-4716-A171-9FA396B303ED}.Debug|Any CPU.ActiveCfg = Debug|Any CPU
		{117F2513-DC6D-4716-A171-9FA396B303ED}.Debug|Any CPU.Build.0 = Debug|Any CPU
		{117F2513-DC6D-4716-A171-9FA396B303ED}.Release|Any CPU.ActiveCfg = Release|Any CPU
		{117F2513-DC6D-4716-A171-9FA396B303ED}.Release|Any CPU.Build.0 = Release|Any CPU
		{06070EDC-39C6-4C29-809E-2EE2D7901B9F}.Debug|Any CPU.ActiveCfg = Debug|Any CPU
		{06070EDC-39C6-4C29-809E-2EE2D7901B9F}.Debug|Any CPU.Build.0 = Debug|Any CPU
		{06070EDC-39C6-4C29-809E-2EE2D7901B9F}.Release|Any CPU.ActiveCfg = Release|Any CPU
		{06070EDC-39C6-4C29-809E-2EE2D7901B9F}.Release|Any CPU.Build.0 = Release|Any CPU
		{EA4F95F2-46C1-4020-A422-2353E1178662}.Debug|Any CPU.ActiveCfg = Debug|Any CPU
		{EA4F95F2-46C1-4020-A422-2353E1178662}.Debug|Any CPU.Build.0 = Debug|Any CPU
		{EA4F95F2-46C1-4020-A422-2353E1178662}.Release|Any CPU.ActiveCfg = Release|Any CPU
		{EA4F95F2-46C1-4020-A422-2353E1178662}.Release|Any CPU.Build.0 = Release|Any CPU
		{8D7B8D9A-C4DC-494B-B48C-8B0DFD111849}.Debug|Any CPU.ActiveCfg = Debug|Any CPU
		{8D7B8D9A-C4DC-494B-B48C-8B0DFD111849}.Debug|Any CPU.Build.0 = Debug|Any CPU
		{8D7B8D9A-C4DC-494B-B48C-8B0DFD111849}.Release|Any CPU.ActiveCfg = Release|Any CPU
		{8D7B8D9A-C4DC-494B-B48C-8B0DFD111849}.Release|Any CPU.Build.0 = Release|Any CPU
	EndGlobalSection
	GlobalSection(SolutionProperties) = preSolution
		HideSolutionNode = FALSE
	EndGlobalSection
	GlobalSection(NestedProjects) = preSolution
		{06070EDC-39C6-4C29-809E-2EE2D7901B9F} = {06ABB948-42C1-4A7D-A2DA-17461DF78C5A}
		{EA4F95F2-46C1-4020-A422-2353E1178662} = {06ABB948-42C1-4A7D-A2DA-17461DF78C5A}
		{8D7B8D9A-C4DC-494B-B48C-8B0DFD111849} = {06ABB948-42C1-4A7D-A2DA-17461DF78C5A}
	EndGlobalSection
	GlobalSection(ExtensibilityGlobals) = postSolution
		SolutionGuid = {5A924E8F-9683-43FD-9D75-103789853C19}
	EndGlobalSection
EndGlobal
